{
  "version": 4,
  "terraform_version": "1.14.0",
  "serial": 9,
  "lineage": "95c3604e-d8bb-68a7-e5aa-bb67bc59bd38",
  "outputs": {
    "app_server_1_ip": {
      "value": "57.128.7.187",
      "type": "string"
    },
    "app_server_2_ip": {
      "value": "57.128.7.17",
      "type": "string"
    },
    "application_url": {
      "value": "http://57.128.7.94",
      "type": "string"
    },
    "db_server_1_ip": {
      "value": "57.128.7.98",
      "type": "string"
    },
    "db_server_2_ip": {
      "value": "57.128.7.134",
      "type": "string"
    },
    "infrastructure_summary": {
      "value": {
        "app_servers": [
          "57.128.7.187",
          "57.128.7.17"
        ],
        "db_servers": [
          "57.128.7.98",
          "57.128.7.134"
        ],
        "load_balancer": "57.128.7.94",
        "web_servers": [
          "57.128.7.69",
          "57.128.7.95"
        ]
      },
      "type": [
        "object",
        {
          "app_servers": [
            "tuple",
            [
              "string",
              "string"
            ]
          ],
          "db_servers": [
            "tuple",
            [
              "string",
              "string"
            ]
          ],
          "load_balancer": "string",
          "web_servers": [
            "tuple",
            [
              "string",
              "string"
            ]
          ]
        }
      ]
    },
    "load_balancer_ip": {
      "value": "57.128.7.94",
      "type": "string"
    },
    "web_server_1_ip": {
      "value": "57.128.7.69",
      "type": "string"
    },
    "web_server_2_ip": {
      "value": "57.128.7.95",
      "type": "string"
    }
  },
  "resources": [
    {
      "mode": "data",
      "type": "openstack_compute_flavor_v2",
      "name": "medium",
      "provider": "provider[\"registry.terraform.io/terraform-provider-openstack/openstack\"]",
      "instances": [
        {
          "schema_version": 0,
          "attributes": {
            "description": "",
            "disk": 50,
            "extra_specs": {
              "kind": "ovh.d2",
              "ovh:qos_policy.bgpovs": "250mbit",
              "ovh:qos_policy.default": "100mbit",
              "ovh:qos_policy.ovs": "250mbit",
              "ovh:shared_storage": "False",
              "quota:disk_read_iops_sec": "12000",
              "quota:disk_write_iops_sec": "10000"
            },
            "flavor_id": "5085760f-f370-42af-a09a-907b0056ba05",
            "id": "5085760f-f370-42af-a09a-907b0056ba05",
            "is_public": true,
            "min_disk": null,
            "min_ram": null,
            "name": "d2-4",
            "ram": 4000,
            "region": null,
            "rx_tx_factor": 1,
            "swap": 0,
            "vcpus": 2
          },
          "sensitive_attributes": [],
          "identity_schema_version": 0
        }
      ]
    },
    {
      "mode": "data",
      "type": "openstack_images_image_v2",
      "name": "app_server",
      "provider": "provider[\"registry.terraform.io/terraform-provider-openstack/openstack\"]",
      "instances": [
        {
          "schema_version": 0,
          "attributes": {
            "checksum": "aac1863832a0a487d6b4f4be1624c267",
            "container_format": "bare",
            "created_at": "2025-11-29T16:32:21Z",
            "disk_format": "qcow2",
            "file": "/v2/images/132a9efc-db01-4caa-a9e7-5aeaabe5cbfa/file",
            "hidden": false,
            "id": "132a9efc-db01-4caa-a9e7-5aeaabe5cbfa",
            "member_status": null,
            "metadata": {},
            "min_disk_gb": 50,
            "min_ram_mb": 0,
            "most_recent": true,
            "name": "app-server-20251129-1627",
            "name_regex": "^app-server-",
            "owner": "320b240798f84ae898d37d36ac6d8826",
            "properties": {
              "base_image_ref": "5aa86b9f-bb1c-440a-a5fa-46826e7807a3",
              "build_id": "a7e4739f-a1de-4e2e-9ae0-7914d005a3e4",
              "created_by": "packer",
              "data": "/home/glance/images/Ubuntu-22.04.raw",
              "direct_url": "swift+config://swift_GRA9/glance/132a9efc-db01-4caa-a9e7-5aeaabe5cbfa",
              "distro_family": "ubuntu",
              "hw_disk_bus": "scsi",
              "hw_qemu_guest_agent": "yes",
              "hw_scsi_model": "virtio-scsi",
              "hypervisor_type": "qemu",
              "image_build_date": "2025-11-01 06:26:02",
              "image_location": "snapshot",
              "image_original_user": "ubuntu",
              "image_state": "available",
              "image_type": "app-server",
              "instance_uuid": "1c6b2f11-7de5-4e7a-8282-fa80645b4574",
              "os_hash_algo": "sha512",
              "os_hash_value": "8f3018fb0ef1b0d17e681036c59351bdfcd3e0c3e453cf1a44818c1b4f796e3e0fe1ba8bd0d1cd1d0641f956f7113e0b63a680777a97239c1b1ef394b121f4b5",
              "os_type": "linux",
              "owner_id": "320b240798f84ae898d37d36ac6d8826",
              "owner_project_name": "9964089593079342",
              "owner_user_name": "user-qvu5Ncgyh5WC",
              "stores": "swift_GRA9",
              "support_rtm": "no",
              "user_id": "c4ece8b91c9448979eddb4e74b25fbdd"
            },
            "protected": false,
            "region": "GRA9",
            "schema": "/v2/schemas/image",
            "size_bytes": 2831613952,
            "size_max": null,
            "size_min": null,
            "sort_direction": "asc",
            "sort_key": "name",
            "tag": null,
            "tags": [],
            "updated_at": "2025-11-29T16:34:01Z",
            "visibility": "private"
          },
          "sensitive_attributes": [],
          "identity_schema_version": 0
        }
      ]
    },
    {
      "mode": "data",
      "type": "openstack_images_image_v2",
      "name": "db_server",
      "provider": "provider[\"registry.terraform.io/terraform-provider-openstack/openstack\"]",
      "instances": [
        {
          "schema_version": 0,
          "attributes": {
            "checksum": "85b8bff8cc22bfce55397d414f66b197",
            "container_format": "bare",
            "created_at": "2025-11-29T16:30:57Z",
            "disk_format": "qcow2",
            "file": "/v2/images/46ede736-151f-43d3-9438-7217e74a374a/file",
            "hidden": false,
            "id": "46ede736-151f-43d3-9438-7217e74a374a",
            "member_status": null,
            "metadata": {},
            "min_disk_gb": 50,
            "min_ram_mb": 0,
            "most_recent": true,
            "name": "db-server-20251129-1627",
            "name_regex": "^db-server-",
            "owner": "320b240798f84ae898d37d36ac6d8826",
            "properties": {
              "base_image_ref": "5aa86b9f-bb1c-440a-a5fa-46826e7807a3",
              "build_id": "a7e4739f-a1de-4e2e-9ae0-7914d005a3e4",
              "created_by": "packer",
              "data": "/home/glance/images/Ubuntu-22.04.raw",
              "direct_url": "swift+config://swift_GRA9/glance/46ede736-151f-43d3-9438-7217e74a374a",
              "distro_family": "ubuntu",
              "hw_disk_bus": "scsi",
              "hw_qemu_guest_agent": "yes",
              "hw_scsi_model": "virtio-scsi",
              "hypervisor_type": "qemu",
              "image_build_date": "2025-11-01 06:26:02",
              "image_location": "snapshot",
              "image_original_user": "ubuntu",
              "image_state": "available",
              "image_type": "db-server",
              "instance_uuid": "870b065f-55da-492b-a70d-16cca37d72ac",
              "os_hash_algo": "sha512",
              "os_hash_value": "3781b97e6356e1345a664401c73857e2f8776488e9c261d042744ad1ccf7b6d8b38d4bc9de85f9a86ca4336c5baf5fa7604dcdbaa7e574a132f8460f587b31a9",
              "os_type": "linux",
              "owner_id": "320b240798f84ae898d37d36ac6d8826",
              "owner_project_name": "9964089593079342",
              "owner_user_name": "user-qvu5Ncgyh5WC",
              "stores": "swift_GRA9",
              "support_rtm": "no",
              "user_id": "c4ece8b91c9448979eddb4e74b25fbdd"
            },
            "protected": false,
            "region": "GRA9",
            "schema": "/v2/schemas/image",
            "size_bytes": 2489122816,
            "size_max": null,
            "size_min": null,
            "sort_direction": "asc",
            "sort_key": "name",
            "tag": null,
            "tags": [],
            "updated_at": "2025-11-29T16:32:10Z",
            "visibility": "private"
          },
          "sensitive_attributes": [],
          "identity_schema_version": 0
        }
      ]
    },
    {
      "mode": "data",
      "type": "openstack_images_image_v2",
      "name": "web_server",
      "provider": "provider[\"registry.terraform.io/terraform-provider-openstack/openstack\"]",
      "instances": [
        {
          "schema_version": 0,
          "attributes": {
            "checksum": "ec07c2246db34b6fdae18b8cd79faf34",
            "container_format": "bare",
            "created_at": "2025-11-29T16:30:23Z",
            "disk_format": "qcow2",
            "file": "/v2/images/3a34900f-bb07-4148-bc11-54aa47a4336c/file",
            "hidden": false,
            "id": "3a34900f-bb07-4148-bc11-54aa47a4336c",
            "member_status": null,
            "metadata": {},
            "min_disk_gb": 50,
            "min_ram_mb": 0,
            "most_recent": true,
            "name": "web-server-20251129-1627",
            "name_regex": "^web-server-",
            "owner": "320b240798f84ae898d37d36ac6d8826",
            "properties": {
              "base_image_ref": "5aa86b9f-bb1c-440a-a5fa-46826e7807a3",
              "build_id": "a7e4739f-a1de-4e2e-9ae0-7914d005a3e4",
              "created_by": "packer",
              "data": "/home/glance/images/Ubuntu-22.04.raw",
              "direct_url": "swift+config://swift_GRA9/glance/3a34900f-bb07-4148-bc11-54aa47a4336c",
              "distro_family": "ubuntu",
              "hw_disk_bus": "scsi",
              "hw_qemu_guest_agent": "yes",
              "hw_scsi_model": "virtio-scsi",
              "hypervisor_type": "qemu",
              "image_build_date": "2025-11-01 06:26:02",
              "image_location": "snapshot",
              "image_original_user": "ubuntu",
              "image_state": "available",
              "image_type": "web-server",
              "instance_uuid": "08d3a35d-509b-4cdd-bfa3-a57fbd8d1ae1",
              "os_hash_algo": "sha512",
              "os_hash_value": "c400a5e05658c443209e096bcaa2965a1be8896ccf6038b05cd4bff597031e23fb2fe5aba5ae89e42ae1fab2d46b5f18b02385acdece2c31fa104ef23525601e",
              "os_type": "linux",
              "owner_id": "320b240798f84ae898d37d36ac6d8826",
              "owner_project_name": "9964089593079342",
              "owner_user_name": "user-qvu5Ncgyh5WC",
              "stores": "swift_GRA9",
              "support_rtm": "no",
              "user_id": "c4ece8b91c9448979eddb4e74b25fbdd"
            },
            "protected": false,
            "region": "GRA9",
            "schema": "/v2/schemas/image",
            "size_bytes": 2292973568,
            "size_max": null,
            "size_min": null,
            "sort_direction": "asc",
            "sort_key": "name",
            "tag": null,
            "tags": [],
            "updated_at": "2025-11-29T16:31:32Z",
            "visibility": "private"
          },
          "sensitive_attributes": [],
          "identity_schema_version": 0
        }
      ]
    },
    {
      "mode": "data",
      "type": "openstack_networking_network_v2",
      "name": "ext_net",
      "provider": "provider[\"registry.terraform.io/terraform-provider-openstack/openstack\"]",
      "instances": [
        {
          "schema_version": 0,
          "attributes": {
            "admin_state_up": "true",
            "all_tags": [],
            "availability_zone_hints": [],
            "description": "",
            "dns_domain": "",
            "external": true,
            "id": "b2c02fdc-ffdf-40f6-9722-533bd7058c06",
            "matching_subnet_cidr": null,
            "mtu": 1500,
            "name": "Ext-Net",
            "network_id": null,
            "region": "GRA9",
            "segments": [
              {
                "network_type": "bgp",
                "physical_network": "",
                "segmentation_id": 40510
              }
            ],
            "shared": "true",
            "status": null,
            "subnets": [
              "0f11270c-1113-4d4f-98de-eba83445d962",
              "168c6f93-d976-486e-811f-e763500bcee7",
              "1a6c6b72-88e9-4e94-ac8b-61e6dbc4792c",
              "1c7b94e3-d6a3-4509-bd7b-e9a2f56cd994",
              "22e2d853-1b86-48f3-8596-9d12c7693dc7",
              "316fefeb-3eb0-487a-88d9-4d607720fa7a",
              "3ae4fc2c-03c9-4690-86e2-585286b517c7",
              "3ccda02c-634c-44c8-bd4f-6a59869fb3c0",
              "414d3a28-6a9a-4c35-a3e3-5d964ebf0f62",
              "4a668388-b0e9-41ac-8620-d0d66d141b10",
              "4aa6cac1-d5cd-4e25-b14b-7573aeabcab1",
              "5b2975f1-13da-43b7-bbff-24a9e7adb2ff",
              "5e319a8a-6c22-41e8-b519-46807e859e2d",
              "5ef7183d-b724-41e7-81c9-2b4ce06951a8",
              "668ee91a-2c33-40c7-9db0-88a4d68d3e4f",
              "7d6352a6-dbed-4628-a029-fcc3986ae7d6",
              "842249d0-76ac-43d3-b0b9-3a11cf6f8120",
              "8d39bd48-497b-41fe-90b9-77e169a31d8e",
              "99622081-5b1e-49c4-9686-951ea7e4b807",
              "9b3e481e-1f64-4712-8111-451db4690ff9",
              "9d4de2bc-40b8-4d03-8cf9-54cce9785216",
              "9f989c4b-c441-4678-b395-e082c300356e",
              "a25f29f8-0aac-4180-b5c8-38eb2bc4ba7e",
              "a4e9c12b-a168-4101-a256-803267f1d1bc",
              "a6eba157-6ab8-496c-b65e-c9e64cd91f3e",
              "ac5824d1-cc84-47fd-af08-9fa7fbf058a2",
              "ae57b1a6-2cfd-45ef-8dbd-362a06c31456",
              "b072b17b-ef1d-4881-98c7-e0d6a1c3dcea",
              "c2204ee3-6480-42f3-ac40-173e9cf7103b",
              "d7dd1399-5eb9-455f-a908-068f00ece169",
              "dc90af26-ae0d-4714-95c2-789dffde1f7a",
              "e329fda9-9211-464c-ada2-b96b4e846732",
              "e6b22176-2b8e-4579-83c5-fb6038ad6f4c",
              "f4772001-7657-4f72-9466-62973a9effc9",
              "f51bd0c1-ebc2-4e3d-9c66-75671123a787",
              "f56b79b6-f132-4212-ba03-83ba2cabd303"
            ],
            "tags": null,
            "tenant_id": "9386d7837e514fc080082efe4892af59",
            "transparent_vlan": false
          },
          "sensitive_attributes": [],
          "identity_schema_version": 0
        }
      ]
    },
    {
      "mode": "managed",
      "type": "openstack_compute_keypair_v2",
      "name": "keypair",
      "provider": "provider[\"registry.terraform.io/terraform-provider-openstack/openstack\"]",
      "instances": [
        {
          "schema_version": 0,
          "attributes": {
            "fingerprint": "89:58:d9:21:58:2a:f0:79:7b:3f:46:a9:eb:a4:16:52",
            "id": "lab-key",
            "name": "lab-key",
            "private_key": "",
            "public_key": "ssh-ed25519 AAAAC3NzaC1lZDI1NTE5AAAAIIhwMvELcKexd9MqhujS7KUUXY77oMTgc/jiXBq4hZUR offpath@bip-boop\n",
            "region": "GRA9",
            "user_id": "",
            "value_specs": null
          },
          "sensitive_attributes": [],
          "identity_schema_version": 0,
          "private": "bnVsbA=="
        }
      ]
    },
    {
      "module": "module.app_server_1",
      "mode": "managed",
      "type": "openstack_compute_instance_v2",
      "name": "instance",
      "provider": "provider[\"registry.terraform.io/terraform-provider-openstack/openstack\"]",
      "instances": [
        {
          "schema_version": 0,
          "attributes": {
            "access_ip_v4": "57.128.7.187",
            "access_ip_v6": "[2001:41d0:304:400::12ca]",
            "admin_pass": null,
            "all_metadata": {},
            "all_tags": [],
            "availability_zone": "nova",
            "availability_zone_hints": null,
            "block_device": [],
            "config_drive": null,
            "created": "2025-11-29 16:36:56 +0000 UTC",
            "flavor_id": "5085760f-f370-42af-a09a-907b0056ba05",
            "flavor_name": "d2-4",
            "floating_ip": null,
            "force_delete": false,
            "id": "86f522bc-5ce0-4fd3-b188-147d421bbabc",
            "image_id": "132a9efc-db01-4caa-a9e7-5aeaabe5cbfa",
            "image_name": "app-server-20251129-1627",
            "key_pair": "lab-key",
            "metadata": null,
            "name": "app-server-1",
            "network": [
              {
                "access_network": false,
                "fixed_ip_v4": "57.128.7.187",
                "fixed_ip_v6": "[2001:41d0:304:400::12ca]",
                "floating_ip": "",
                "mac": "fa:16:3e:77:2d:d9",
                "name": "Ext-Net",
                "port": "",
                "uuid": "b2c02fdc-ffdf-40f6-9722-533bd7058c06"
              }
            ],
            "network_mode": null,
            "personality": [],
            "power_state": "active",
            "region": "GRA9",
            "scheduler_hints": [],
            "security_groups": [
              "default"
            ],
            "stop_before_destroy": false,
            "tags": null,
            "timeouts": null,
            "updated": "2025-11-29 16:38:43 +0000 UTC",
            "user_data": null,
            "vendor_options": [],
            "volume": []
          },
          "sensitive_attributes": [
            [
              {
                "type": "get_attr",
                "value": "admin_pass"
              }
            ]
          ],
          "identity_schema_version": 0,
          "private": "eyJlMmJmYjczMC1lY2FhLTExZTYtOGY4OC0zNDM2M2JjN2M0YzAiOnsiY3JlYXRlIjoxODAwMDAwMDAwMDAwLCJkZWxldGUiOjE4MDAwMDAwMDAwMDAsInVwZGF0ZSI6MTgwMDAwMDAwMDAwMH19",
          "dependencies": [
            "data.openstack_compute_flavor_v2.medium",
            "data.openstack_images_image_v2.app_server",
            "data.openstack_networking_network_v2.ext_net",
            "openstack_compute_keypair_v2.keypair"
          ]
        }
      ]
    },
    {
      "module": "module.app_server_2",
      "mode": "managed",
      "type": "openstack_compute_instance_v2",
      "name": "instance",
      "provider": "provider[\"registry.terraform.io/terraform-provider-openstack/openstack\"]",
      "instances": [
        {
          "schema_version": 0,
          "attributes": {
            "access_ip_v4": "57.128.7.17",
            "access_ip_v6": "[2001:41d0:304:400::3453]",
            "admin_pass": null,
            "all_metadata": {},
            "all_tags": [],
            "availability_zone": "nova",
            "availability_zone_hints": null,
            "block_device": [],
            "config_drive": null,
            "created": "2025-11-29 16:36:56 +0000 UTC",
            "flavor_id": "5085760f-f370-42af-a09a-907b0056ba05",
            "flavor_name": "d2-4",
            "floating_ip": null,
            "force_delete": false,
            "id": "294efaa9-8d0b-4ef0-b410-a9cb4e3aaa75",
            "image_id": "132a9efc-db01-4caa-a9e7-5aeaabe5cbfa",
            "image_name": "app-server-20251129-1627",
            "key_pair": "lab-key",
            "metadata": null,
            "name": "app-server-2",
            "network": [
              {
                "access_network": false,
                "fixed_ip_v4": "57.128.7.17",
                "fixed_ip_v6": "[2001:41d0:304:400::3453]",
                "floating_ip": "",
                "mac": "fa:16:3e:0c:1c:db",
                "name": "Ext-Net",
                "port": "",
                "uuid": "b2c02fdc-ffdf-40f6-9722-533bd7058c06"
              }
            ],
            "network_mode": null,
            "personality": [],
            "power_state": "active",
            "region": "GRA9",
            "scheduler_hints": [],
            "security_groups": [
              "default"
            ],
            "stop_before_destroy": false,
            "tags": null,
            "timeouts": null,
            "updated": "2025-11-29 16:39:18 +0000 UTC",
            "user_data": null,
            "vendor_options": [],
            "volume": []
          },
          "sensitive_attributes": [
            [
              {
                "type": "get_attr",
                "value": "admin_pass"
              }
            ]
          ],
          "identity_schema_version": 0,
          "private": "eyJlMmJmYjczMC1lY2FhLTExZTYtOGY4OC0zNDM2M2JjN2M0YzAiOnsiY3JlYXRlIjoxODAwMDAwMDAwMDAwLCJkZWxldGUiOjE4MDAwMDAwMDAwMDAsInVwZGF0ZSI6MTgwMDAwMDAwMDAwMH19",
          "dependencies": [
            "data.openstack_compute_flavor_v2.medium",
            "data.openstack_images_image_v2.app_server",
            "data.openstack_networking_network_v2.ext_net",
            "openstack_compute_keypair_v2.keypair"
          ]
        }
      ]
    },
    {
      "module": "module.db_server_1",
      "mode": "managed",
      "type": "openstack_compute_instance_v2",
      "name": "instance",
      "provider": "provider[\"registry.terraform.io/terraform-provider-openstack/openstack\"]",
      "instances": [
        {
          "schema_version": 0,
          "attributes": {
            "access_ip_v4": "57.128.7.98",
            "access_ip_v6": "[2001:41d0:304:400::2e92]",
            "admin_pass": null,
            "all_metadata": {},
            "all_tags": [],
            "availability_zone": "nova",
            "availability_zone_hints": null,
            "block_device": [],
            "config_drive": null,
            "created": "2025-11-29 16:36:56 +0000 UTC",
            "flavor_id": "5085760f-f370-42af-a09a-907b0056ba05",
            "flavor_name": "d2-4",
            "floating_ip": null,
            "force_delete": false,
            "id": "44749456-11fa-4faf-943e-e70b01e23985",
            "image_id": "46ede736-151f-43d3-9438-7217e74a374a",
            "image_name": "db-server-20251129-1627",
            "key_pair": "lab-key",
            "metadata": null,
            "name": "db-server-1",
            "network": [
              {
                "access_network": false,
                "fixed_ip_v4": "57.128.7.98",
                "fixed_ip_v6": "[2001:41d0:304:400::2e92]",
                "floating_ip": "",
                "mac": "fa:16:3e:f9:e2:fc",
                "name": "Ext-Net",
                "port": "",
                "uuid": "b2c02fdc-ffdf-40f6-9722-533bd7058c06"
              }
            ],
            "network_mode": null,
            "personality": [],
            "power_state": "active",
            "region": "GRA9",
            "scheduler_hints": [],
            "security_groups": [
              "default"
            ],
            "stop_before_destroy": false,
            "tags": null,
            "timeouts": null,
            "updated": "2025-11-29 16:39:55 +0000 UTC",
            "user_data": null,
            "vendor_options": [],
            "volume": []
          },
          "sensitive_attributes": [
            [
              {
                "type": "get_attr",
                "value": "admin_pass"
              }
            ]
          ],
          "identity_schema_version": 0,
          "private": "eyJlMmJmYjczMC1lY2FhLTExZTYtOGY4OC0zNDM2M2JjN2M0YzAiOnsiY3JlYXRlIjoxODAwMDAwMDAwMDAwLCJkZWxldGUiOjE4MDAwMDAwMDAwMDAsInVwZGF0ZSI6MTgwMDAwMDAwMDAwMH19",
          "dependencies": [
            "data.openstack_compute_flavor_v2.medium",
            "data.openstack_images_image_v2.db_server",
            "data.openstack_networking_network_v2.ext_net",
            "openstack_compute_keypair_v2.keypair"
          ]
        }
      ]
    },
    {
      "module": "module.db_server_2",
      "mode": "managed",
      "type": "openstack_compute_instance_v2",
      "name": "instance",
      "provider": "provider[\"registry.terraform.io/terraform-provider-openstack/openstack\"]",
      "instances": [
        {
          "schema_version": 0,
          "attributes": {
            "access_ip_v4": "57.128.7.134",
            "access_ip_v6": "[2001:41d0:304:400::30ae]",
            "admin_pass": null,
            "all_metadata": {},
            "all_tags": [],
            "availability_zone": "nova",
            "availability_zone_hints": null,
            "block_device": [],
            "config_drive": null,
            "created": "2025-11-29 16:36:55 +0000 UTC",
            "flavor_id": "5085760f-f370-42af-a09a-907b0056ba05",
            "flavor_name": "d2-4",
            "floating_ip": null,
            "force_delete": false,
            "id": "30106dd5-d43e-4ac7-b500-d60d6e54c840",
            "image_id": "46ede736-151f-43d3-9438-7217e74a374a",
            "image_name": "db-server-20251129-1627",
            "key_pair": "lab-key",
            "metadata": null,
            "name": "db-server-2",
            "network": [
              {
                "access_network": false,
                "fixed_ip_v4": "57.128.7.134",
                "fixed_ip_v6": "[2001:41d0:304:400::30ae]",
                "floating_ip": "",
                "mac": "fa:16:3e:2b:d2:ed",
                "name": "Ext-Net",
                "port": "",
                "uuid": "b2c02fdc-ffdf-40f6-9722-533bd7058c06"
              }
            ],
            "network_mode": null,
            "personality": [],
            "power_state": "active",
            "region": "GRA9",
            "scheduler_hints": [],
            "security_groups": [
              "default"
            ],
            "stop_before_destroy": false,
            "tags": null,
            "timeouts": null,
            "updated": "2025-11-29 16:38:35 +0000 UTC",
            "user_data": null,
            "vendor_options": [],
            "volume": []
          },
          "sensitive_attributes": [
            [
              {
                "type": "get_attr",
                "value": "admin_pass"
              }
            ]
          ],
          "identity_schema_version": 0,
          "private": "eyJlMmJmYjczMC1lY2FhLTExZTYtOGY4OC0zNDM2M2JjN2M0YzAiOnsiY3JlYXRlIjoxODAwMDAwMDAwMDAwLCJkZWxldGUiOjE4MDAwMDAwMDAwMDAsInVwZGF0ZSI6MTgwMDAwMDAwMDAwMH19",
          "dependencies": [
            "data.openstack_compute_flavor_v2.medium",
            "data.openstack_images_image_v2.db_server",
            "data.openstack_networking_network_v2.ext_net",
            "openstack_compute_keypair_v2.keypair"
          ]
        }
      ]
    },
    {
      "module": "module.load_balancer",
      "mode": "managed",
      "type": "openstack_compute_instance_v2",
      "name": "instance",
      "provider": "provider[\"registry.terraform.io/terraform-provider-openstack/openstack\"]",
      "instances": [
        {
          "schema_version": 0,
          "attributes": {
            "access_ip_v4": "57.128.7.94",
            "access_ip_v6": "[2001:41d0:304:400::2e4a]",
            "admin_pass": null,
            "all_metadata": {},
            "all_tags": [],
            "availability_zone": "nova",
            "availability_zone_hints": null,
            "block_device": [],
            "config_drive": null,
            "created": "2025-11-29 16:36:56 +0000 UTC",
            "flavor_id": "5085760f-f370-42af-a09a-907b0056ba05",
            "flavor_name": "d2-4",
            "floating_ip": null,
            "force_delete": false,
            "id": "7c5f05f0-61fa-49e0-9520-4367052007de",
            "image_id": "3a34900f-bb07-4148-bc11-54aa47a4336c",
            "image_name": "web-server-20251129-1627",
            "key_pair": "lab-key",
            "metadata": null,
            "name": "load-balancer",
            "network": [
              {
                "access_network": false,
                "fixed_ip_v4": "57.128.7.94",
                "fixed_ip_v6": "[2001:41d0:304:400::2e4a]",
                "floating_ip": "",
                "mac": "fa:16:3e:48:e6:3c",
                "name": "Ext-Net",
                "port": "",
                "uuid": "b2c02fdc-ffdf-40f6-9722-533bd7058c06"
              }
            ],
            "network_mode": null,
            "personality": [],
            "power_state": "active",
            "region": "GRA9",
            "scheduler_hints": [],
            "security_groups": [
              "default"
            ],
            "stop_before_destroy": false,
            "tags": null,
            "timeouts": null,
            "updated": "2025-11-29 16:39:10 +0000 UTC",
            "user_data": null,
            "vendor_options": [],
            "volume": []
          },
          "sensitive_attributes": [
            [
              {
                "type": "get_attr",
                "value": "admin_pass"
              }
            ]
          ],
          "identity_schema_version": 0,
          "private": "eyJlMmJmYjczMC1lY2FhLTExZTYtOGY4OC0zNDM2M2JjN2M0YzAiOnsiY3JlYXRlIjoxODAwMDAwMDAwMDAwLCJkZWxldGUiOjE4MDAwMDAwMDAwMDAsInVwZGF0ZSI6MTgwMDAwMDAwMDAwMH19",
          "dependencies": [
            "data.openstack_compute_flavor_v2.medium",
            "data.openstack_images_image_v2.web_server",
            "data.openstack_networking_network_v2.ext_net",
            "openstack_compute_keypair_v2.keypair"
          ]
        }
      ]
    },
    {
      "module": "module.web_server_1",
      "mode": "managed",
      "type": "openstack_compute_instance_v2",
      "name": "instance",
      "provider": "provider[\"registry.terraform.io/terraform-provider-openstack/openstack\"]",
      "instances": [
        {
          "schema_version": 0,
          "attributes": {
            "access_ip_v4": "57.128.7.69",
            "access_ip_v6": "[2001:41d0:304:400::41e]",
            "admin_pass": null,
            "all_metadata": {},
            "all_tags": [],
            "availability_zone": "nova",
            "availability_zone_hints": null,
            "block_device": [],
            "config_drive": null,
            "created": "2025-11-29 16:36:56 +0000 UTC",
            "flavor_id": "5085760f-f370-42af-a09a-907b0056ba05",
            "flavor_name": "d2-4",
            "floating_ip": null,
            "force_delete": false,
            "id": "cb744973-9356-4f7c-b86d-eeb3c537c497",
            "image_id": "3a34900f-bb07-4148-bc11-54aa47a4336c",
            "image_name": "web-server-20251129-1627",
            "key_pair": "lab-key",
            "metadata": null,
            "name": "web-server-1",
            "network": [
              {
                "access_network": false,
                "fixed_ip_v4": "57.128.7.69",
                "fixed_ip_v6": "[2001:41d0:304:400::41e]",
                "floating_ip": "",
                "mac": "fa:16:3e:f0:bc:76",
                "name": "Ext-Net",
                "port": "",
                "uuid": "b2c02fdc-ffdf-40f6-9722-533bd7058c06"
              }
            ],
            "network_mode": null,
            "personality": [],
            "power_state": "active",
            "region": "GRA9",
            "scheduler_hints": [],
            "security_groups": [
              "default"
            ],
            "stop_before_destroy": false,
            "tags": null,
            "timeouts": null,
            "updated": "2025-11-29 16:39:05 +0000 UTC",
            "user_data": null,
            "vendor_options": [],
            "volume": []
          },
          "sensitive_attributes": [
            [
              {
                "type": "get_attr",
                "value": "admin_pass"
              }
            ]
          ],
          "identity_schema_version": 0,
          "private": "eyJlMmJmYjczMC1lY2FhLTExZTYtOGY4OC0zNDM2M2JjN2M0YzAiOnsiY3JlYXRlIjoxODAwMDAwMDAwMDAwLCJkZWxldGUiOjE4MDAwMDAwMDAwMDAsInVwZGF0ZSI6MTgwMDAwMDAwMDAwMH19",
          "dependencies": [
            "data.openstack_compute_flavor_v2.medium",
            "data.openstack_images_image_v2.web_server",
            "data.openstack_networking_network_v2.ext_net",
            "openstack_compute_keypair_v2.keypair"
          ]
        }
      ]
    },
    {
      "module": "module.web_server_2",
      "mode": "managed",
      "type": "openstack_compute_instance_v2",
      "name": "instance",
      "provider": "provider[\"registry.terraform.io/terraform-provider-openstack/openstack\"]",
      "instances": [
        {
          "schema_version": 0,
          "attributes": {
            "access_ip_v4": "57.128.7.95",
            "access_ip_v6": "[2001:41d0:304:400::2f9c]",
            "admin_pass": null,
            "all_metadata": {},
            "all_tags": [],
            "availability_zone": "nova",
            "availability_zone_hints": null,
            "block_device": [],
            "config_drive": null,
            "created": "2025-11-29 16:36:56 +0000 UTC",
            "flavor_id": "5085760f-f370-42af-a09a-907b0056ba05",
            "flavor_name": "d2-4",
            "floating_ip": null,
            "force_delete": false,
            "id": "857bbae6-904c-4d41-9c59-689963b5dce5",
            "image_id": "3a34900f-bb07-4148-bc11-54aa47a4336c",
            "image_name": "web-server-20251129-1627",
            "key_pair": "lab-key",
            "metadata": null,
            "name": "web-server-2",
            "network": [
              {
                "access_network": false,
                "fixed_ip_v4": "57.128.7.95",
                "fixed_ip_v6": "[2001:41d0:304:400::2f9c]",
                "floating_ip": "",
                "mac": "fa:16:3e:ce:da:c7",
                "name": "Ext-Net",
                "port": "",
                "uuid": "b2c02fdc-ffdf-40f6-9722-533bd7058c06"
              }
            ],
            "network_mode": null,
            "personality": [],
            "power_state": "active",
            "region": "GRA9",
            "scheduler_hints": [],
            "security_groups": [
              "default"
            ],
            "stop_before_destroy": false,
            "tags": null,
            "timeouts": null,
            "updated": "2025-11-29 16:39:46 +0000 UTC",
            "user_data": null,
            "vendor_options": [],
            "volume": []
          },
          "sensitive_attributes": [
            [
              {
                "type": "get_attr",
                "value": "admin_pass"
              }
            ]
          ],
          "identity_schema_version": 0,
          "private": "eyJlMmJmYjczMC1lY2FhLTExZTYtOGY4OC0zNDM2M2JjN2M0YzAiOnsiY3JlYXRlIjoxODAwMDAwMDAwMDAwLCJkZWxldGUiOjE4MDAwMDAwMDAwMDAsInVwZGF0ZSI6MTgwMDAwMDAwMDAwMH19",
          "dependencies": [
            "data.openstack_compute_flavor_v2.medium",
            "data.openstack_images_image_v2.web_server",
            "data.openstack_networking_network_v2.ext_net",
            "openstack_compute_keypair_v2.keypair"
          ]
        }
      ]
    }
  ],
  "check_results": null
}
